
Microsoft Visual Studio Solution File, Format Version 12.00
# Visual Studio 15
VisualStudioVersion = 15.0.28307.852
MinimumVisualStudioVersion = 10.0.40219.1
Project("{FAE04EC0-301F-11D3-BF4B-00C04F79EFBC}") = "Switch", "Switch\Switch.csproj", "{1D30D97B-8061-4748-979A-8DCD9C74FFB7}"
EndProject
Global
	GlobalSection(SolutionConfigurationPlatforms) = preSolution
		Debug|Any CPU = Debug|Any CPU
		Release|Any CPU = Release|Any CPU
	EndGlobalSection
	GlobalSection(ProjectConfigurationPlatforms) = postSolution
		{1D30D97B-8061-4748-979A-8DCD9C74FFB7}.Debug|Any CPU.ActiveCfg = Debug|Any CPU
		{1D30D97B-8061-4748-979A-8DCD9C74FFB7}.Debug|Any CPU.Build.0 = Debug|Any CPU
		{1D30D97B-8061-4748-979A-8DCD9C74FFB7}.Release|Any CPU.ActiveCfg = Release|Any CPU
		{1D30D97B-8061-4748-979A-8DCD9C74FFB7}.Release|Any CPU.Build.0 = Release|Any CPU
	EndGlobalSection
	GlobalSection(SolutionProperties) = preSolution
		HideSolutionNode = FALSE
	EndGlobalSection
	GlobalSection(ExtensibilityGlobals) = postSolution
		SolutionGuid = {51FBE20B-1961-4068-9282-C91FF49D8D85}
	EndGlobalSection
EndGlobal
